// !$*UTF8*$!
{
	archiveVersion = 1;
	classes = {
	};
	objectVersion = 46;
	objects = {

/* Begin PBXBuildFile section */
		0D9A52141C326D5200A7E26F /* main.m in Sources */ = {isa = PBXBuildFile; fileRef = 0D9A52131C326D5200A7E26F /* main.m */; };
		0D9A52171C326D5200A7E26F /* AppDelegate.m in Sources */ = {isa = PBXBuildFile; fileRef = 0D9A52161C326D5200A7E26F /* AppDelegate.m */; };
		0D9A521A1C326D5200A7E26F /* ViewController.m in Sources */ = {isa = PBXBuildFile; fileRef = 0D9A52191C326D5200A7E26F /* ViewController.m */; };
		0D9A521D1C326D5200A7E26F /* Main.storyboard in Resources */ = {isa = PBXBuildFile; fileRef = 0D9A521B1C326D5200A7E26F /* Main.storyboard */; };
		0D9A521F1C326D5200A7E26F /* Assets.xcassets in Resources */ = {isa = PBXBuildFile; fileRef = 0D9A521E1C326D5200A7E26F /* Assets.xcassets */; };
		0D9A52221C326D5200A7E26F /* LaunchScreen.storyboard in Resources */ = {isa = PBXBuildFile; fileRef = 0D9A52201C326D5200A7E26F /* LaunchScreen.storyboard */; };
/* End PBXBuildFile section */

/* Begin PBXFileReference section */
		0D9A520F1C326D5200A7E26F /* hhhh.app */ = {isa = PBXFileReference; explicitFileType = wrapper.application; includeInIndex = 0; path = hhhh.app; sourceTree = BUILT_PRODUCTS_DIR; };
		0D9A52131C326D5200A7E26F /* main.m */ = {isa = PBXFileReference; lastKnownFileType = sourcecode.c.objc; path = main.m; sourceTree = "<group>"; };
		0D9A52151C326D5200A7E26F /* AppDelegate.h */ = {isa = PBXFileReference; lastKnownFileType = sourcecode.c.h; path = AppDelegate.h; sourceTree = "<group>"; };
		0D9A52161C326D5200A7E26F /* AppDelegate.m */ = {isa = PBXFileReference; lastKnownFileType = sourcecode.c.objc; path = AppDelegate.m; sourceTree = "<group>"; };
		0D9A52181C326D5200A7E26F /* ViewController.h */ = {isa = PBXFileReference; lastKnownFileType = sourcecode.c.h; path = ViewController.h; sourceTree = "<group>"; };
		0D9A52191C326D5200A7E26F /* ViewController.m */ = {isa = PBXFileReference; lastKnownFileType = sourcecode.c.objc; path = ViewController.m; sourceTree = "<group>"; };
		0D9A521C1C326D5200A7E26F /* Base */ = {isa = PBXFileReference; lastKnownFileType = file.storyboard; name = Base; path = Base.lproj/Main.storyboard; sourceTree = "<group>"; };
		0D9A521E1C326D5200A7E26F /* Assets.xcassets */ = {isa = PBXFileReference; lastKnownFileType = folder.assetcatalog; path = Assets.xcassets; sourceTree = "<group>"; };
		0D9A52211C326D5200A7E26F /* Base */ = {isa = PBXFileReference; lastKnownFileType = file.storyboard; name = Base; path = Base.lproj/LaunchScreen.storyboard; sourceTree = "<group>"; };
		0D9A52231C326D5200A7E26F /* Info.plist */ = {isa = PBXFileReference; lastKnownFileType = text.plist.xml; path = Info.plist; sourceTree = "<group>"; };
/* End PBXFileReference section */

/* Begin PBXFrameworksBuildPhase section */
		0D9A520C1C326D5200A7E26F /* Frameworks */ = {
			isa = PBXFrameworksBuildPhase;
			buildActionMask = 2147483647;
			files = (
			);
			runOnlyForDeploymentPostprocessing = 0;
		};
/* End PBXFrameworksBuildPhase section */

/* Begin PBXGroup section */
		0D9A52061C326D5200A7E26F = {
			isa = PBXGroup;
			children = (
				0D9A52111C326D5200A7E26F /* hhhh */,
				0D9A52101C326D5200A7E26F /* Products */,
			);
			sourceTree = "<group>";
		};
		0D9A52101C326D5200A7E26F /* Products */ = {
			isa = PBXGroup;
			children = (
				0D9A520F1C326D5200A7E26F /* hhhh.app */,
			);
			name = Products;
			sourceTree = "<group>";
		};
		0D9A52111C326D5200A7E26F /* hhhh */ = {
			isa = PBXGroup;
			children = (
				0D9A52151C326D5200A7E26F /* AppDelegate.h */,
				0D9A52161C326D5200A7E26F /* AppDelegate.m */,
				0D9A52181C326D5200A7E26F /* ViewController.h */,
				0D9A52191C326D5200A7E26F /* ViewController.m */,
				0D9A521B1C326D5200A7E26F /* Main.storyboard */,
				0D9A521E1C326D5200A7E26F /* Assets.xcassets */,
				0D9A52201C326D5200A7E26F /* LaunchScreen.storyboard */,
				0D9A52231C326D5200A7E26F /* Info.plist */,
				0D9A52121C326D5200A7E26F /* Supporting Files */,
			);
			path = hhhh;
			sourceTree = "<group>";
		};
		0D9A52121C326D5200A7E26F /* Supporting Files */ = {
			isa = PBXGroup;
			children = (
				0D9A52131C326D5200A7E26F /* main.m */,
			);
			name = "Supporting Files";
			sourceTree = "<group>";
		};
/* End PBXGroup section */

/* Begin PBXNativeTarget section */
		0D9A520E1C326D5200A7E26F /* hhhh */ = {
			isa = PBXNativeTarget;
			buildConfigurationList = 0D9A52261C326D5200A7E26F /* Build configuration list for PBXNativeTarget "hhhh" */;
			buildPhases = (
				0D9A520B1C326D5200A7E26F /* Sources */,
				0D9A520C1C326D5200A7E26F /* Frameworks */,
				0D9A520D1C326D5200A7E26F /* Resources */,
			);
			buildRules = (
			);
			dependencies = (
			);
			name = hhhh;
			productName = hhhh;
			productReference = 0D9A520F1C326D5200A7E26F /* hhhh.app */;
			productType = "com.apple.product-type.application";
		};
/* End PBXNativeTarget section */

/* Begin PBXProject section */
		0D9A52071C326D5200A7E26F /* Project object */ = {
			isa = PBXProject;
			attributes = {
				LastUpgradeCheck = 0710;
				ORGANIZATIONNAME = tenda;
				TargetAttributes = {
					0D9A520E1C326D5200A7E26F = {
						CreatedOnToolsVersion = 7.1;
						DevelopmentTeam = F2GM3VU6WN;
					};
				};
			};
			buildConfigurationList = 0D9A520A1C326D5200A7E26F /* Build configuration list for PBXProject "hhhh" */;
			compatibilityVersion = "Xcode 3.2";
			developmentRegion = English;
			hasScannedForEncodings = 0;
			knownRegions = (
				en,
				Base,
			);
			mainGroup = 0D9A52061C326D5200A7E26F;
			productRefGroup = 0D9A52101C326D5200A7E26F /* Products */;
			projectDirPath = "";
			projectRoot = "";
			targets = (
				0D9A520E1C326D5200A7E26F /* hhhh */,
			);
		};
/* End PBXProject section */

/* Begin PBXResourcesBuildPhase section */
		0D9A520D1C326D5200A7E26F /* Resources */ = {
			isa = PBXResourcesBuildPhase;
			buildActionMask = 2147483647;
			files = (
				0D9A52221C326D5200A7E26F /* LaunchScreen.storyboard in Resources */,
				0D9A521F1C326D5200A7E26F /* Assets.xcassets in Resources */,
				0D9A521D1C326D5200A7E26F /* Main.storyboard in Resources */,
			);
			runOnlyForDeploymentPostprocessing = 0;
		};
/* End PBXResourcesBuildPhase section */

/* Begin PBXSourcesBuildPhase section */
		0D9A520B1C326D5200A7E26F /* Sources */ = {
			isa = PBXSourcesBuildPhase;
			buildActionMask = 2147483647;
			files = (
				0D9A521A1C326D5200A7E26F /* ViewController.m in Sources */,
				0D9A52171C326D5200A7E26F /* AppDelegate.m in Sources */,
				0D9A52141C326D5200A7E26F /* main.m in Sources */,
			);
			runOnlyForDeploymentPostprocessing = 0;
		};
/* End PBXSourcesBuildPhase section */

/* Begin PBXVariantGroup section */
		0D9A521B1C326D5200A7E26F /* Main.storyboard */ = {
			isa = PBXVariantGroup;
			children = (
				0D9A521C1C326D5200A7E26F /* Base */,
			);
			name = Main.storyboard;
			sourceTree = "<group>";
		};
		0D9A52201C326D5200A7E26F /* LaunchScreen.storyboard */ = {
			isa = PBXVariantGroup;
			children = (
				0D9A52211C326D5200A7E26F /* Base */,
			);
			name = LaunchScreen.storyboard;
			sourceTree = "<group>";
		};
/* End PBXVariantGroup section */

/* Begin XCBuildConfiguration section */
		0D9A52241C326D5200A7E26F /* Debug */ = {
			isa = XCBuildConfiguration;
			buildSettings = {
				ALWAYS_SEARCH_USER_PATHS = NO;
				CLANG_CXX_LANGUAGE_STANDARD = "gnu++0x";
				CLANG_CXX_LIBRARY = "libc++";
				CLANG_ENABLE_MODULES = YES;
				CLANG_ENABLE_OBJC_ARC = YES;
				CLANG_WARN_BOOL_CONVERSION = YES;
				CLANG_WARN_CONSTANT_CONVERSION = YES;
				CLANG_WARN_DIRECT_OBJC_ISA_USAGE = YES_ERROR;
				CLANG_WARN_EMPTY_BODY = YES;
				CLANG_WARN_ENUM_CONVERSION = YES;
				CLANG_WARN_INT_CONVERSION = YES;
				CLANG_WARN_OBJC_ROOT_CLASS = YES_ERROR;
				CLANG_WARN_UNREACHABLE_CODE = YES;
				CLANG_WARN__DUPLICATE_METHOD_MATCH = YES;
				"CODE_SIGN_IDENTITY[sdk=iphoneos*]" = "iPhone Developer";
				COPY_PHASE_STRIP = NO;
				DEBUG_INFORMATION_FORMAT = dwarf;
				ENABLE_STRICT_OBJC_MSGSEND = YES;
				ENABLE_TESTABILITY = YES;
				GCC_C_LANGUAGE_STANDARD = gnu99;
				GCC_DYNAMIC_NO_PIC = NO;
				GCC_NO_COMMON_BLOCKS = YES;
				GCC_OPTIMIZATION_LEVEL = 0;
				GCC_PREPROCESSOR_DEFINITIONS = (
					"DEBUG=1",
					"$(inherited)",
				);
				GCC_WARN_64_TO_32_BIT_CONVERSION = YES;
				GCC_WARN_ABOUT_RETURN_TYPE = YES_ERROR;
				GCC_WARN_UNDECLARED_SELECTOR = YES;
				GCC_WARN_UNINITIALIZED_AUTOS = YES_AGGRESSIVE;
				GCC_WARN_UNUSED_FUNCTION = YES;
				GCC_WARN_UNUSED_VARIABLE = YES;
				IPHONEOS_DEPLOYMENT_TARGET = 9.1;
				MTL_ENABLE_DEBUG_INFO = YES;
				ONLY_ACTIVE_ARCH = YES;
				SDKROOT = iphoneos;
			};
			name = Debug;
		};
		0D9A52251C326D5200A7E26F /* Release */ = {
			isa = XCBuildConfiguration;
			buildSettings = {
				ALWAYS_SEARCH_USER_PATHS = NO;
				CLANG_CXX_LANGUAGE_STANDARD = "gnu++0x";
				CLANG_CXX_LIBRARY = "libc++";
				CLANG_ENABLE_MODULES = YES;
				CLANG_ENABLE_OBJC_ARC = YES;
				CLANG_WARN_BOOL_CONVERSION = YES;
				CLANG_WARN_CONSTANT_CONVERSION = YES;
				CLANG_WARN_DIRECT_OBJC_ISA_USAGE = YES_ERROR;
				CLANG_WARN_EMPTY_BODY = YES;
				CLANG_WARN_ENUM_CONVERSION = YES;
				CLANG_WARN_INT_CONVERSION = YES;
				CLANG_WARN_OBJC_ROOT_CLASS = YES_ERROR;
				CLANG_WARN_UNREACHABLE_CODE = YES;
				CLANG_WARN__DUPLICATE_METHOD_MATCH = YES;
				"CODE_SIGN_IDENTITY[sdk=iphoneos*]" = "iPhone Developer";
				COPY_PHASE_STRIP = NO;
				DEBUG_INFORMATION_FORMAT = "dwarf-with-dsym";
				ENABLE_NS_ASSERTIONS = NO;
				ENABLE_STRICT_OBJC_MSGSEND = YES;
				GCC_C_LANGUAGE_STANDARD = gnu99;
				GCC_NO_COMMON_BLOCKS = YES;
				GCC_WARN_64_TO_32_BIT_CONVERSION = YES;
				GCC_WARN_ABOUT_RETURN_TYPE = YES_ERROR;
				GCC_WARN_UNDECLARED_SELECTOR = YES;
				GCC_WARN_UNINITIALIZED_AUTOS = YES_AGGRESSIVE;
				GCC_WARN_UNUSED_FUNCTION = YES;
				GCC_WARN_UNUSED_VARIABLE = YES;
				IPHONEOS_DEPLOYMENT_TARGET = 9.1;
				MTL_ENABLE_DEBUG_INFO = NO;
				SDKROOT = iphoneos;
				VALIDATE_PRODUCT = YES;
			};
			name = Release;
		};
		0D9A52271C326D5200A7E26F /* Debug */ = {
			isa = XCBuildConfiguration;
			buildSettings = {
				ASSETCATALOG_COMPILER_APPICON_NAME = AppIcon;
				INFOPLIST_FILE = hhhh/Info.plist;
				LD_RUNPATH_SEARCH_PATHS = "$(inherited) @executable_path/Frameworks";
				PRODUCT_BUNDLE_IDENTIFIER = com.tenda.hhhh;
				PRODUCT_NAME = "$(TARGET_NAME)";
			};
			name = Debug;
		};
		0D9A52281C326D5200A7E26F /* Release */ = {
			isa = XCBuildConfiguration;
			buildSettings = {
				ASSETCATALOG_COMPILER_APPICON_NAME = AppIcon;
				INFOPLIST_FILE = hhhh/Info.plist;
				LD_RUNPATH_SEARCH_PATHS = "$(inherited) @executable_path/Frameworks";
				PRODUCT_BUNDLE_IDENTIFIER = com.tenda.hhhh;
				PRODUCT_NAME = "$(TARGET_NAME)";
			};
			name = Release;
		};
/* End XCBuildConfiguration section */

/* Begin XCConfigurationList section */
		0D9A520A1C326D5200A7E26F /* Build configuration list for PBXProject "hhhh" */ = {
			isa = XCConfigurationList;
			buildConfigurations = (
				0D9A52241C326D5200A7E26F /* Debug */,
				0D9A52251C326D5200A7E26F /* Release */,
			);
			defaultConfigurationIsVisible = 0;
			defaultConfigurationName = Release;
		};
		0D9A52261C326D5200A7E26F /* Build configuration list for PBXNativeTarget "hhhh" */ = {
			isa = XCConfigurationList;
			buildConfigurations = (
				0D9A52271C326D5200A7E26F /* Debug */,
				0D9A52281C326D5200A7E26F /* Release */,
			);
			defaultConfigurationIsVisible = 0;
		};
/* End XCConfigurationList section */
	};
	rootObject = 0D9A52071C326D5200A7E26F /* Project object */;
}
